// !$*UTF8*$!
{
	archiveVersion = 1;
	classes = {
	};
	objectVersion = 77;
	objects = {

/* Begin PBXBuildFile section */
		BB68DFA82DD215AC006A4F4B /* FirebaseAnalytics in Frameworks */ = {isa = PBXBuildFile; productRef = BB68DFA72DD215AC006A4F4B /* FirebaseAnalytics */; };
		BB68DFAA2DD215AC006A4F4B /* FirebaseAuth in Frameworks */ = {isa = PBXBuildFile; productRef = BB68DFA92DD215AC006A4F4B /* FirebaseAuth */; };
		BB68DFAC2DD215AC006A4F4B /* FirebaseCore in Frameworks */ = {isa = PBXBuildFile; productRef = BB68DFAB2DD215AC006A4F4B /* FirebaseCore */; };
		BB68DFAE2DD215AC006A4F4B /* FirebaseDatabase in Frameworks */ = {isa = PBXBuildFile; productRef = BB68DFAD2DD215AC006A4F4B /* FirebaseDatabase */; };
		BB68DFE22DD2FD63006A4F4B /* GoogleService-Info.plist in Resources */ = {isa = PBXBuildFile; fileRef = BB68DFCB2DD2FD63006A4F4B /* GoogleService-Info.plist */; };
		BBA0B4652DE046C900685948 /* FirebaseFirestore in Frameworks */ = {isa = PBXBuildFile; productRef = BBA0B4642DE046C900685948 /* FirebaseFirestore */; };
/* End PBXBuildFile section */

/* Begin PBXContainerItemProxy section */
		BB1774492DBB665C00440940 /* PBXContainerItemProxy */ = {
			isa = PBXContainerItemProxy;
			containerPortal = BB1774302DBB665A00440940 /* Project object */;
			proxyType = 1;
			remoteGlobalIDString = BB1774372DBB665A00440940;
			remoteInfo = MyPokemon;
		};
		BB1774532DBB665C00440940 /* PBXContainerItemProxy */ = {
			isa = PBXContainerItemProxy;
			containerPortal = BB1774302DBB665A00440940 /* Project object */;
			proxyType = 1;
			remoteGlobalIDString = BB1774372DBB665A00440940;
			remoteInfo = MyPokemon;
		};
/* End PBXContainerItemProxy section */

/* Begin PBXFileReference section */
		BB1774382DBB665A00440940 /* MyPokemon.app */ = {isa = PBXFileReference; explicitFileType = wrapper.application; includeInIndex = 0; path = MyPokemon.app; sourceTree = BUILT_PRODUCTS_DIR; };
		BB1774482DBB665C00440940 /* MyPokemonTests.xctest */ = {isa = PBXFileReference; explicitFileType = wrapper.cfbundle; includeInIndex = 0; path = MyPokemonTests.xctest; sourceTree = BUILT_PRODUCTS_DIR; };
		BB1774522DBB665C00440940 /* MyPokemonUITests.xctest */ = {isa = PBXFileReference; explicitFileType = wrapper.cfbundle; includeInIndex = 0; path = MyPokemonUITests.xctest; sourceTree = BUILT_PRODUCTS_DIR; };
		BB68DFCB2DD2FD63006A4F4B /* GoogleService-Info.plist */ = {isa = PBXFileReference; lastKnownFileType = text.plist.xml; path = "GoogleService-Info.plist"; sourceTree = "<group>"; };
/* End PBXFileReference section */

/* Begin PBXFileSystemSynchronizedRootGroup section */
		BB17743A2DBB665A00440940 /* MyPokemon */ = {
			isa = PBXFileSystemSynchronizedRootGroup;
			path = MyPokemon;
			sourceTree = "<group>";
		};
		BB17744B2DBB665C00440940 /* MyPokemonTests */ = {
			isa = PBXFileSystemSynchronizedRootGroup;
			path = MyPokemonTests;
			sourceTree = "<group>";
		};
		BB1774552DBB665C00440940 /* MyPokemonUITests */ = {
			isa = PBXFileSystemSynchronizedRootGroup;
			path = MyPokemonUITests;
			sourceTree = "<group>";
		};
/* End PBXFileSystemSynchronizedRootGroup section */

/* Begin PBXFrameworksBuildPhase section */
		BB1774352DBB665A00440940 /* Frameworks */ = {
			isa = PBXFrameworksBuildPhase;
			buildActionMask = 2147483647;
			files = (
				BB68DFA82DD215AC006A4F4B /* FirebaseAnalytics in Frameworks */,
				BB68DFAC2DD215AC006A4F4B /* FirebaseCore in Frameworks */,
				BB68DFAE2DD215AC006A4F4B /* FirebaseDatabase in Frameworks */,
				BBA0B4652DE046C900685948 /* FirebaseFirestore in Frameworks */,
				BB68DFAA2DD215AC006A4F4B /* FirebaseAuth in Frameworks */,
			);
			runOnlyForDeploymentPostprocessing = 0;
		};
		BB1774452DBB665C00440940 /* Frameworks */ = {
			isa = PBXFrameworksBuildPhase;
			buildActionMask = 2147483647;
			files = (
			);
			runOnlyForDeploymentPostprocessing = 0;
		};
		BB17744F2DBB665C00440940 /* Frameworks */ = {
			isa = PBXFrameworksBuildPhase;
			buildActionMask = 2147483647;
			files = (
			);
			runOnlyForDeploymentPostprocessing = 0;
		};
/* End PBXFrameworksBuildPhase section */

/* Begin PBXGroup section */
		BB17742F2DBB665A00440940 = {
			isa = PBXGroup;
			children = (
				BB17743A2DBB665A00440940 /* MyPokemon */,
				BB17744B2DBB665C00440940 /* MyPokemonTests */,
				BB1774552DBB665C00440940 /* MyPokemonUITests */,
				BB1774392DBB665A00440940 /* Products */,
				BB68DFCB2DD2FD63006A4F4B /* GoogleService-Info.plist */,
			);
			sourceTree = "<group>";
		};
		BB1774392DBB665A00440940 /* Products */ = {
			isa = PBXGroup;
			children = (
				BB1774382DBB665A00440940 /* MyPokemon.app */,
				BB1774482DBB665C00440940 /* MyPokemonTests.xctest */,
				BB1774522DBB665C00440940 /* MyPokemonUITests.xctest */,
			);
			name = Products;
			sourceTree = "<group>";
		};
/* End PBXGroup section */

/* Begin PBXNativeTarget section */
		BB1774372DBB665A00440940 /* MyPokemon */ = {
			isa = PBXNativeTarget;
			buildConfigurationList = BB17745C2DBB665C00440940 /* Build configuration list for PBXNativeTarget "MyPokemon" */;
			buildPhases = (
				BB1774342DBB665A00440940 /* Sources */,
				BB1774352DBB665A00440940 /* Frameworks */,
				BB1774362DBB665A00440940 /* Resources */,
			);
			buildRules = (
			);
			dependencies = (
			);
			fileSystemSynchronizedGroups = (
				BB17743A2DBB665A00440940 /* MyPokemon */,
			);
			name = MyPokemon;
			packageProductDependencies = (
				BB68DFA72DD215AC006A4F4B /* FirebaseAnalytics */,
				BB68DFA92DD215AC006A4F4B /* FirebaseAuth */,
				BB68DFAB2DD215AC006A4F4B /* FirebaseCore */,
				BB68DFAD2DD215AC006A4F4B /* FirebaseDatabase */,
				BBA0B4642DE046C900685948 /* FirebaseFirestore */,
			);
			productName = MyPokemon;
			productReference = BB1774382DBB665A00440940 /* MyPokemon.app */;
			productType = "com.apple.product-type.application";
		};
		BB1774472DBB665C00440940 /* MyPokemonTests */ = {
			isa = PBXNativeTarget;
			buildConfigurationList = BB17745F2DBB665C00440940 /* Build configuration list for PBXNativeTarget "MyPokemonTests" */;
			buildPhases = (
				BB1774442DBB665C00440940 /* Sources */,
				BB1774452DBB665C00440940 /* Frameworks */,
				BB1774462DBB665C00440940 /* Resources */,
			);
			buildRules = (
			);
			dependencies = (
				BB17744A2DBB665C00440940 /* PBXTargetDependency */,
			);
			fileSystemSynchronizedGroups = (
				BB17744B2DBB665C00440940 /* MyPokemonTests */,
			);
			name = MyPokemonTests;
			packageProductDependencies = (
			);
			productName = MyPokemonTests;
			productReference = BB1774482DBB665C00440940 /* MyPokemonTests.xctest */;
			productType = "com.apple.product-type.bundle.unit-test";
		};
		BB1774512DBB665C00440940 /* MyPokemonUITests */ = {
			isa = PBXNativeTarget;
			buildConfigurationList = BB1774622DBB665C00440940 /* Build configuration list for PBXNativeTarget "MyPokemonUITests" */;
			buildPhases = (
				BB17744E2DBB665C00440940 /* Sources */,
				BB17744F2DBB665C00440940 /* Frameworks */,
				BB1774502DBB665C00440940 /* Resources */,
			);
			buildRules = (
			);
			dependencies = (
				BB1774542DBB665C00440940 /* PBXTargetDependency */,
			);
			fileSystemSynchronizedGroups = (
				BB1774552DBB665C00440940 /* MyPokemonUITests */,
			);
			name = MyPokemonUITests;
			packageProductDependencies = (
			);
			productName = MyPokemonUITests;
			productReference = BB1774522DBB665C00440940 /* MyPokemonUITests.xctest */;
			productType = "com.apple.product-type.bundle.ui-testing";
		};
/* End PBXNativeTarget section */

/* Begin PBXProject section */
		BB1774302DBB665A00440940 /* Project object */ = {
			isa = PBXProject;
			attributes = {
				BuildIndependentTargetsInParallel = 1;
				LastSwiftUpdateCheck = 1600;
				LastUpgradeCheck = 1600;
				TargetAttributes = {
					BB1774372DBB665A00440940 = {
						CreatedOnToolsVersion = 16.0;
					};
					BB1774472DBB665C00440940 = {
						CreatedOnToolsVersion = 16.0;
						TestTargetID = BB1774372DBB665A00440940;
					};
					BB1774512DBB665C00440940 = {
						CreatedOnToolsVersion = 16.0;
						TestTargetID = BB1774372DBB665A00440940;
					};
				};
			};
			buildConfigurationList = BB1774332DBB665A00440940 /* Build configuration list for PBXProject "MyPokemon" */;
			developmentRegion = ja;
			hasScannedForEncodings = 0;
			knownRegions = (
				en,
				Base,
				ja,
			);
			mainGroup = BB17742F2DBB665A00440940;
			minimizedProjectReferenceProxies = 1;
			packageReferences = (
				BB68DFA42DD213AD006A4F4B /* XCRemoteSwiftPackageReference "firebase-ios-sdk" */,
			);
			preferredProjectObjectVersion = 77;
			productRefGroup = BB1774392DBB665A00440940 /* Products */;
			projectDirPath = "";
			projectRoot = "";
			targets = (
				BB1774372DBB665A00440940 /* MyPokemon */,
				BB1774472DBB665C00440940 /* MyPokemonTests */,
				BB1774512DBB665C00440940 /* MyPokemonUITests */,
			);
		};
/* End PBXProject section */

/* Begin PBXResourcesBuildPhase section */
		BB1774362DBB665A00440940 /* Resources */ = {
			isa = PBXResourcesBuildPhase;
			buildActionMask = 2147483647;
			files = (
				BB68DFE22DD2FD63006A4F4B /* GoogleService-Info.plist in Resources */,
			);
			runOnlyForDeploymentPostprocessing = 0;
		};
		BB1774462DBB665C00440940 /* Resources */ = {
			isa = PBXResourcesBuildPhase;
			buildActionMask = 2147483647;
			files = (
			);
			runOnlyForDeploymentPostprocessing = 0;
		};
		BB1774502DBB665C00440940 /* Resources */ = {
			isa = PBXResourcesBuildPhase;
			buildActionMask = 2147483647;
			files = (
			);
			runOnlyForDeploymentPostprocessing = 0;
		};
/* End PBXResourcesBuildPhase section */

/* Begin PBXSourcesBuildPhase section */
		BB1774342DBB665A00440940 /* Sources */ = {
			isa = PBXSourcesBuildPhase;
			buildActionMask = 2147483647;
			files = (
			);
			runOnlyForDeploymentPostprocessing = 0;
		};
		BB1774442DBB665C00440940 /* Sources */ = {
			isa = PBXSourcesBuildPhase;
			buildActionMask = 2147483647;
			files = (
			);
			runOnlyForDeploymentPostprocessing = 0;
		};
		BB17744E2DBB665C00440940 /* Sources */ = {
			isa = PBXSourcesBuildPhase;
			buildActionMask = 2147483647;
			files = (
			);
			runOnlyForDeploymentPostprocessing = 0;
		};
/* End PBXSourcesBuildPhase section */

/* Begin PBXTargetDependency section */
		BB17744A2DBB665C00440940 /* PBXTargetDependency */ = {
			isa = PBXTargetDependency;
			target = BB1774372DBB665A00440940 /* MyPokemon */;
			targetProxy = BB1774492DBB665C00440940 /* PBXContainerItemProxy */;
		};
		BB1774542DBB665C00440940 /* PBXTargetDependency */ = {
			isa = PBXTargetDependency;
			target = BB1774372DBB665A00440940 /* MyPokemon */;
			targetProxy = BB1774532DBB665C00440940 /* PBXContainerItemProxy */;
		};
/* End PBXTargetDependency section */

/* Begin XCBuildConfiguration section */
		BB17745A2DBB665C00440940 /* Debug */ = {
			isa = XCBuildConfiguration;
			buildSettings = {
				ALWAYS_SEARCH_USER_PATHS = NO;
				ASSETCATALOG_COMPILER_GENERATE_SWIFT_ASSET_SYMBOL_EXTENSIONS = YES;
				CLANG_ANALYZER_NONNULL = YES;
				CLANG_ANALYZER_NUMBER_OBJECT_CONVERSION = YES_AGGRESSIVE;
				CLANG_CXX_LANGUAGE_STANDARD = "gnu++20";
				CLANG_ENABLE_MODULES = YES;
				CLANG_ENABLE_OBJC_ARC = YES;
				CLANG_ENABLE_OBJC_WEAK = YES;
				CLANG_WARN_BLOCK_CAPTURE_AUTORELEASING = YES;
				CLANG_WARN_BOOL_CONVERSION = YES;
				CLANG_WARN_COMMA = YES;
				CLANG_WARN_CONSTANT_CONVERSION = YES;
				CLANG_WARN_DEPRECATED_OBJC_IMPLEMENTATIONS = YES;
				CLANG_WARN_DIRECT_OBJC_ISA_USAGE = YES_ERROR;
				CLANG_WARN_DOCUMENTATION_COMMENTS = YES;
				CLANG_WARN_EMPTY_BODY = YES;
				CLANG_WARN_ENUM_CONVERSION = YES;
				CLANG_WARN_INFINITE_RECURSION = YES;
				CLANG_WARN_INT_CONVERSION = YES;
				CLANG_WARN_NON_LITERAL_NULL_CONVERSION = YES;
				CLANG_WARN_OBJC_IMPLICIT_RETAIN_SELF = YES;
				CLANG_WARN_OBJC_LITERAL_CONVERSION = YES;
				CLANG_WARN_OBJC_ROOT_CLASS = YES_ERROR;
				CLANG_WARN_QUOTED_INCLUDE_IN_FRAMEWORK_HEADER = YES;
				CLANG_WARN_RANGE_LOOP_ANALYSIS = YES;
				CLANG_WARN_STRICT_PROTOTYPES = YES;
				CLANG_WARN_SUSPICIOUS_MOVE = YES;
				CLANG_WARN_UNGUARDED_AVAILABILITY = YES_AGGRESSIVE;
				CLANG_WARN_UNREACHABLE_CODE = YES;
				CLANG_WARN__DUPLICATE_METHOD_MATCH = YES;
				COPY_PHASE_STRIP = NO;
				DEBUG_INFORMATION_FORMAT = dwarf;
				ENABLE_STRICT_OBJC_MSGSEND = YES;
				ENABLE_TESTABILITY = YES;
				ENABLE_USER_SCRIPT_SANDBOXING = YES;
				GCC_C_LANGUAGE_STANDARD = gnu17;
				GCC_DYNAMIC_NO_PIC = NO;
				GCC_NO_COMMON_BLOCKS = YES;
				GCC_OPTIMIZATION_LEVEL = 0;
				GCC_PREPROCESSOR_DEFINITIONS = (
					"DEBUG=1",
					"$(inherited)",
				);
				GCC_WARN_64_TO_32_BIT_CONVERSION = YES;
				GCC_WARN_ABOUT_RETURN_TYPE = YES_ERROR;
				GCC_WARN_UNDECLARED_SELECTOR = YES;
				GCC_WARN_UNINITIALIZED_AUTOS = YES_AGGRESSIVE;
				GCC_WARN_UNUSED_FUNCTION = YES;
				GCC_WARN_UNUSED_VARIABLE = YES;
				IPHONEOS_DEPLOYMENT_TARGET = 18.0;
				LOCALIZATION_PREFERS_STRING_CATALOGS = YES;
				MTL_ENABLE_DEBUG_INFO = INCLUDE_SOURCE;
				MTL_FAST_MATH = YES;
				ONLY_ACTIVE_ARCH = YES;
				SDKROOT = iphoneos;
				SWIFT_ACTIVE_COMPILATION_CONDITIONS = "DEBUG $(inherited)";
				SWIFT_OPTIMIZATION_LEVEL = "-Onone";
			};
			name = Debug;
		};
		BB17745B2DBB665C00440940 /* Release */ = {
			isa = XCBuildConfiguration;
			buildSettings = {
				ALWAYS_SEARCH_USER_PATHS = NO;
				ASSETCATALOG_COMPILER_GENERATE_SWIFT_ASSET_SYMBOL_EXTENSIONS = YES;
				CLANG_ANALYZER_NONNULL = YES;
				CLANG_ANALYZER_NUMBER_OBJECT_CONVERSION = YES_AGGRESSIVE;
				CLANG_CXX_LANGUAGE_STANDARD = "gnu++20";
				CLANG_ENABLE_MODULES = YES;
				CLANG_ENABLE_OBJC_ARC = YES;
				CLANG_ENABLE_OBJC_WEAK = YES;
				CLANG_WARN_BLOCK_CAPTURE_AUTORELEASING = YES;
				CLANG_WARN_BOOL_CONVERSION = YES;
				CLANG_WARN_COMMA = YES;
				CLANG_WARN_CONSTANT_CONVERSION = YES;
				CLANG_WARN_DEPRECATED_OBJC_IMPLEMENTATIONS = YES;
				CLANG_WARN_DIRECT_OBJC_ISA_USAGE = YES_ERROR;
				CLANG_WARN_DOCUMENTATION_COMMENTS = YES;
				CLANG_WARN_EMPTY_BODY = YES;
				CLANG_WARN_ENUM_CONVERSION = YES;
				CLANG_WARN_INFINITE_RECURSION = YES;
				CLANG_WARN_INT_CONVERSION = YES;
				CLANG_WARN_NON_LITERAL_NULL_CONVERSION = YES;
				CLANG_WARN_OBJC_IMPLICIT_RETAIN_SELF = YES;
				CLANG_WARN_OBJC_LITERAL_CONVERSION = YES;
				CLANG_WARN_OBJC_ROOT_CLASS = YES_ERROR;
				CLANG_WARN_QUOTED_INCLUDE_IN_FRAMEWORK_HEADER = YES;
				CLANG_WARN_RANGE_LOOP_ANALYSIS = YES;
				CLANG_WARN_STRICT_PROTOTYPES = YES;
				CLANG_WARN_SUSPICIOUS_MOVE = YES;
				CLANG_WARN_UNGUARDED_AVAILABILITY = YES_AGGRESSIVE;
				CLANG_WARN_UNREACHABLE_CODE = YES;
				CLANG_WARN__DUPLICATE_METHOD_MATCH = YES;
				COPY_PHASE_STRIP = NO;
				DEBUG_INFORMATION_FORMAT = "dwarf-with-dsym";
				ENABLE_NS_ASSERTIONS = NO;
				ENABLE_STRICT_OBJC_MSGSEND = YES;
				ENABLE_USER_SCRIPT_SANDBOXING = YES;
				GCC_C_LANGUAGE_STANDARD = gnu17;
				GCC_NO_COMMON_BLOCKS = YES;
				GCC_WARN_64_TO_32_BIT_CONVERSION = YES;
				GCC_WARN_ABOUT_RETURN_TYPE = YES_ERROR;
				GCC_WARN_UNDECLARED_SELECTOR = YES;
				GCC_WARN_UNINITIALIZED_AUTOS = YES_AGGRESSIVE;
				GCC_WARN_UNUSED_FUNCTION = YES;
				GCC_WARN_UNUSED_VARIABLE = YES;
				IPHONEOS_DEPLOYMENT_TARGET = 18.0;
				LOCALIZATION_PREFERS_STRING_CATALOGS = YES;
				MTL_ENABLE_DEBUG_INFO = NO;
				MTL_FAST_MATH = YES;
				SDKROOT = iphoneos;
				SWIFT_COMPILATION_MODE = wholemodule;
				VALIDATE_PRODUCT = YES;
			};
			name = Release;
		};
		BB17745D2DBB665C00440940 /* Debug */ = {
			isa = XCBuildConfiguration;
			buildSettings = {
				ASSETCATALOG_COMPILER_APPICON_NAME = AppIcon;
				ASSETCATALOG_COMPILER_GLOBAL_ACCENT_COLOR_NAME = AccentColor;
				CODE_SIGN_STYLE = Automatic;
				CURRENT_PROJECT_VERSION = 1;
				DEVELOPMENT_ASSET_PATHS = "\"MyPokemon/Preview Content\"";
				DEVELOPMENT_TEAM = 9VAKM2HUST;
				ENABLE_PREVIEWS = YES;
				GENERATE_INFOPLIST_FILE = YES;
				INFOPLIST_KEY_CFBundleDisplayName = "My Pokemon";
				INFOPLIST_KEY_UIApplicationSceneManifest_Generation = YES;
				INFOPLIST_KEY_UIApplicationSupportsIndirectInputEvents = YES;
				INFOPLIST_KEY_UILaunchScreen_Generation = YES;
				INFOPLIST_KEY_UISupportedInterfaceOrientations_iPad = "UIInterfaceOrientationPortrait UIInterfaceOrientationPortraitUpsideDown UIInterfaceOrientationLandscapeLeft UIInterfaceOrientationLandscapeRight";
				INFOPLIST_KEY_UISupportedInterfaceOrientations_iPhone = "UIInterfaceOrientationPortrait UIInterfaceOrientationLandscapeLeft UIInterfaceOrientationLandscapeRight";
				LD_RUNPATH_SEARCH_PATHS = (
					"$(inherited)",
					"@executable_path/Frameworks",
				);
				MARKETING_VERSION = 1.0;
				PRODUCT_BUNDLE_IDENTIFIER = taira.MyPokemon;
				PRODUCT_NAME = "$(TARGET_NAME)";
				SWIFT_EMIT_LOC_STRINGS = YES;
				SWIFT_VERSION = 5.0;
				TARGETED_DEVICE_FAMILY = "1,2";
			};
			name = Debug;
		};
		BB17745E2DBB665C00440940 /* Release */ = {
			isa = XCBuildConfiguration;
			buildSettings = {
				ASSETCATALOG_COMPILER_APPICON_NAME = AppIcon;
				ASSETCATALOG_COMPILER_GLOBAL_ACCENT_COLOR_NAME = AccentColor;
				CODE_SIGN_STYLE = Automatic;
				CURRENT_PROJECT_VERSION = 1;
				DEVELOPMENT_ASSET_PATHS = "\"MyPokemon/Preview Content\"";
				DEVELOPMENT_TEAM = 9VAKM2HUST;
				ENABLE_PREVIEWS = YES;
				GENERATE_INFOPLIST_FILE = YES;
				INFOPLIST_KEY_CFBundleDisplayName = "My Pokemon";
				INFOPLIST_KEY_UIApplicationSceneManifest_Generation = YES;
				INFOPLIST_KEY_UIApplicationSupportsIndirectInputEvents = YES;
				INFOPLIST_KEY_UILaunchScreen_Generation = YES;
				INFOPLIST_KEY_UISupportedInterfaceOrientations_iPad = "UIInterfaceOrientationPortrait UIInterfaceOrientationPortraitUpsideDown UIInterfaceOrientationLandscapeLeft UIInterfaceOrientationLandscapeRight";
				INFOPLIST_KEY_UISupportedInterfaceOrientations_iPhone = "UIInterfaceOrientationPortrait UIInterfaceOrientationLandscapeLeft UIInterfaceOrientationLandscapeRight";
				LD_RUNPATH_SEARCH_PATHS = (
					"$(inherited)",
					"@executable_path/Frameworks",
				);
				MARKETING_VERSION = 1.0;
				PRODUCT_BUNDLE_IDENTIFIER = taira.MyPokemon;
				PRODUCT_NAME = "$(TARGET_NAME)";
				SWIFT_EMIT_LOC_STRINGS = YES;
				SWIFT_VERSION = 5.0;
				TARGETED_DEVICE_FAMILY = "1,2";
			};
			name = Release;
		};
		BB1774602DBB665C00440940 /* Debug */ = {
			isa = XCBuildConfiguration;
			buildSettings = {
				BUNDLE_LOADER = "$(TEST_HOST)";
				CODE_SIGN_STYLE = Automatic;
				CURRENT_PROJECT_VERSION = 1;
				DEVELOPMENT_TEAM = 9VAKM2HUST;
				GENERATE_INFOPLIST_FILE = YES;
				IPHONEOS_DEPLOYMENT_TARGET = 18.0;
				MARKETING_VERSION = 1.0;
				PRODUCT_BUNDLE_IDENTIFIER = taira.MyPokemonTests;
				PRODUCT_NAME = "$(TARGET_NAME)";
				SWIFT_EMIT_LOC_STRINGS = NO;
				SWIFT_VERSION = 5.0;
				TARGETED_DEVICE_FAMILY = "1,2";
				TEST_HOST = "$(BUILT_PRODUCTS_DIR)/MyPokemon.app/$(BUNDLE_EXECUTABLE_FOLDER_PATH)/MyPokemon";
			};
			name = Debug;
		};
		BB1774612DBB665C00440940 /* Release */ = {
			isa = XCBuildConfiguration;
			buildSettings = {
				BUNDLE_LOADER = "$(TEST_HOST)";
				CODE_SIGN_STYLE = Automatic;
				CURRENT_PROJECT_VERSION = 1;
				DEVELOPMENT_TEAM = 9VAKM2HUST;
				GENERATE_INFOPLIST_FILE = YES;
				IPHONEOS_DEPLOYMENT_TARGET = 18.0;
				MARKETING_VERSION = 1.0;
				PRODUCT_BUNDLE_IDENTIFIER = taira.MyPokemonTests;
				PRODUCT_NAME = "$(TARGET_NAME)";
				SWIFT_EMIT_LOC_STRINGS = NO;
				SWIFT_VERSION = 5.0;
				TARGETED_DEVICE_FAMILY = "1,2";
				TEST_HOST = "$(BUILT_PRODUCTS_DIR)/MyPokemon.app/$(BUNDLE_EXECUTABLE_FOLDER_PATH)/MyPokemon";
			};
			name = Release;
		};
		BB1774632DBB665C00440940 /* Debug */ = {
			isa = XCBuildConfiguration;
			buildSettings = {
				CODE_SIGN_STYLE = Automatic;
				CURRENT_PROJECT_VERSION = 1;
				DEVELOPMENT_TEAM = 9VAKM2HUST;
				GENERATE_INFOPLIST_FILE = YES;
				MARKETING_VERSION = 1.0;
				PRODUCT_BUNDLE_IDENTIFIER = taira.MyPokemonUITests;
				PRODUCT_NAME = "$(TARGET_NAME)";
				SWIFT_EMIT_LOC_STRINGS = NO;
				SWIFT_VERSION = 5.0;
				TARGETED_DEVICE_FAMILY = "1,2";
				TEST_TARGET_NAME = MyPokemon;
			};
			name = Debug;
		};
		BB1774642DBB665C00440940 /* Release */ = {
			isa = XCBuildConfiguration;
			buildSettings = {
				CODE_SIGN_STYLE = Automatic;
				CURRENT_PROJECT_VERSION = 1;
				DEVELOPMENT_TEAM = 9VAKM2HUST;
				GENERATE_INFOPLIST_FILE = YES;
				MARKETING_VERSION = 1.0;
				PRODUCT_BUNDLE_IDENTIFIER = taira.MyPokemonUITests;
				PRODUCT_NAME = "$(TARGET_NAME)";
				SWIFT_EMIT_LOC_STRINGS = NO;
				SWIFT_VERSION = 5.0;
				TARGETED_DEVICE_FAMILY = "1,2";
				TEST_TARGET_NAME = MyPokemon;
			};
			name = Release;
		};
/* End XCBuildConfiguration section */

/* Begin XCConfigurationList section */
		BB1774332DBB665A00440940 /* Build configuration list for PBXProject "MyPokemon" */ = {
			isa = XCConfigurationList;
			buildConfigurations = (
				BB17745A2DBB665C00440940 /* Debug */,
				BB17745B2DBB665C00440940 /* Release */,
			);
			defaultConfigurationIsVisible = 0;
			defaultConfigurationName = Release;
		};
		BB17745C2DBB665C00440940 /* Build configuration list for PBXNativeTarget "MyPokemon" */ = {
			isa = XCConfigurationList;
			buildConfigurations = (
				BB17745D2DBB665C00440940 /* Debug */,
				BB17745E2DBB665C00440940 /* Release */,
			);
			defaultConfigurationIsVisible = 0;
			defaultConfigurationName = Release;
		};
		BB17745F2DBB665C00440940 /* Build configuration list for PBXNativeTarget "MyPokemonTests" */ = {
			isa = XCConfigurationList;
			buildConfigurations = (
				BB1774602DBB665C00440940 /* Debug */,
				BB1774612DBB665C00440940 /* Release */,
			);
			defaultConfigurationIsVisible = 0;
			defaultConfigurationName = Release;
		};
		BB1774622DBB665C00440940 /* Build configuration list for PBXNativeTarget "MyPokemonUITests" */ = {
			isa = XCConfigurationList;
			buildConfigurations = (
				BB1774632DBB665C00440940 /* Debug */,
				BB1774642DBB665C00440940 /* Release */,
			);
			defaultConfigurationIsVisible = 0;
			defaultConfigurationName = Release;
		};
/* End XCConfigurationList section */

/* Begin XCRemoteSwiftPackageReference section */
		BB68DFA42DD213AD006A4F4B /* XCRemoteSwiftPackageReference "firebase-ios-sdk" */ = {
			isa = XCRemoteSwiftPackageReference;
			repositoryURL = "https://github.com/firebase/firebase-ios-sdk";
			requirement = {
				kind = upToNextMajorVersion;
				minimumVersion = 11.12.0;
			};
		};
/* End XCRemoteSwiftPackageReference section */

/* Begin XCSwiftPackageProductDependency section */
		BB68DFA72DD215AC006A4F4B /* FirebaseAnalytics */ = {
			isa = XCSwiftPackageProductDependency;
			package = BB68DFA42DD213AD006A4F4B /* XCRemoteSwiftPackageReference "firebase-ios-sdk" */;
			productName = FirebaseAnalytics;
		};
		BB68DFA92DD215AC006A4F4B /* FirebaseAuth */ = {
			isa = XCSwiftPackageProductDependency;
			package = BB68DFA42DD213AD006A4F4B /* XCRemoteSwiftPackageReference "firebase-ios-sdk" */;
			productName = FirebaseAuth;
		};
		BB68DFAB2DD215AC006A4F4B /* FirebaseCore */ = {
			isa = XCSwiftPackageProductDependency;
			package = BB68DFA42DD213AD006A4F4B /* XCRemoteSwiftPackageReference "firebase-ios-sdk" */;
			productName = FirebaseCore;
		};
		BB68DFAD2DD215AC006A4F4B /* FirebaseDatabase */ = {
			isa = XCSwiftPackageProductDependency;
			package = BB68DFA42DD213AD006A4F4B /* XCRemoteSwiftPackageReference "firebase-ios-sdk" */;
			productName = FirebaseDatabase;
		};
		BBA0B4642DE046C900685948 /* FirebaseFirestore */ = {
			isa = XCSwiftPackageProductDependency;
			package = BB68DFA42DD213AD006A4F4B /* XCRemoteSwiftPackageReference "firebase-ios-sdk" */;
			productName = FirebaseFirestore;
		};
/* End XCSwiftPackageProductDependency section */
	};
	rootObject = BB1774302DBB665A00440940 /* Project object */;
}
